
Microsoft Visual Studio Solution File, Format Version 12.00
# Visual Studio Version 17
VisualStudioVersion = 17.0.31521.260
MinimumVisualStudioVersion = 10.0.40219.1
Project("{FAE04EC0-301F-11D3-BF4B-00C04F79EFBC}") = "RestASPNET5", "RestASPNET5\RestASPNET5.csproj", "{98649590-B69D-4479-88EE-E8F170E00362}"
EndProject
Global
	GlobalSection(SolutionConfigurationPlatforms) = preSolution
		Debug|Any CPU = Debug|Any CPU
		Release|Any CPU = Release|Any CPU
	EndGlobalSection
	GlobalSection(ProjectConfigurationPlatforms) = postSolution
		{98649590-B69D-4479-88EE-E8F170E00362}.Debug|Any CPU.ActiveCfg = Debug|Any CPU
		{98649590-B69D-4479-88EE-E8F170E00362}.Debug|Any CPU.Build.0 = Debug|Any CPU
		{98649590-B69D-4479-88EE-E8F170E00362}.Release|Any CPU.ActiveCfg = Release|Any CPU
		{98649590-B69D-4479-88EE-E8F170E00362}.Release|Any CPU.Build.0 = Release|Any CPU
	EndGlobalSection
	GlobalSection(SolutionProperties) = preSolution
		HideSolutionNode = FALSE
	EndGlobalSection
	GlobalSection(ExtensibilityGlobals) = postSolution
		SolutionGuid = {91FC796B-D2D6-4745-AE06-C67D9DE55281}
	EndGlobalSection
EndGlobal
